
Microsoft Visual Studio Solution File, Format Version 12.00
# Visual Studio Version 16
VisualStudioVersion = 16.0.30330.147
MinimumVisualStudioVersion = 10.0.40219.1
Project("{FAE04EC0-301F-11D3-BF4B-00C04F79EFBC}") = "BancoABC", "BancoABC\BancoABC.csproj", "{5D436101-4B36-4254-91B0-59D47DA6C6AB}"
EndProject
Global
	GlobalSection(SolutionConfigurationPlatforms) = preSolution
		Debug|Any CPU = Debug|Any CPU
		Release|Any CPU = Release|Any CPU
	EndGlobalSection
	GlobalSection(ProjectConfigurationPlatforms) = postSolution
		{5D436101-4B36-4254-91B0-59D47DA6C6AB}.Debug|Any CPU.ActiveCfg = Debug|Any CPU
		{5D436101-4B36-4254-91B0-59D47DA6C6AB}.Debug|Any CPU.Build.0 = Debug|Any CPU
		{5D436101-4B36-4254-91B0-59D47DA6C6AB}.Release|Any CPU.ActiveCfg = Release|Any CPU
		{5D436101-4B36-4254-91B0-59D47DA6C6AB}.Release|Any CPU.Build.0 = Release|Any CPU
	EndGlobalSection
	GlobalSection(SolutionProperties) = preSolution
		HideSolutionNode = FALSE
	EndGlobalSection
	GlobalSection(ExtensibilityGlobals) = postSolution
		SolutionGuid = {B9B029F8-2B60-4033-85A6-401AC203734F}
	EndGlobalSection
EndGlobal
